// !$*UTF8*$!
{
	archiveVersion = 1;
	classes = {
	};
	objectVersion = 46;
	objects = {

/* Begin PBXBuildFile section */
		0314B1841990E1B600C0ADDE /* UIKit.framework in Frameworks */ = {isa = PBXBuildFile; fileRef = 0314B1831990E1B600C0ADDE /* UIKit.framework */; };
		0314B1861990E1B600C0ADDE /* Foundation.framework in Frameworks */ = {isa = PBXBuildFile; fileRef = 0314B1851990E1B600C0ADDE /* Foundation.framework */; };
		0314B1881990E1B600C0ADDE /* CoreGraphics.framework in Frameworks */ = {isa = PBXBuildFile; fileRef = 0314B1871990E1B600C0ADDE /* CoreGraphics.framework */; };
		0314B18E1990E1B600C0ADDE /* InfoPlist.strings in Resources */ = {isa = PBXBuildFile; fileRef = 0314B18C1990E1B600C0ADDE /* InfoPlist.strings */; };
		0314B1901990E1B600C0ADDE /* main.m in Sources */ = {isa = PBXBuildFile; fileRef = 0314B18F1990E1B600C0ADDE /* main.m */; };
		0314B1941990E1B600C0ADDE /* VCLCAppDelegate.m in Sources */ = {isa = PBXBuildFile; fileRef = 0314B1931990E1B600C0ADDE /* VCLCAppDelegate.m */; };
		0314B1961990E1B600C0ADDE /* Default.png in Resources */ = {isa = PBXBuildFile; fileRef = 0314B1951990E1B600C0ADDE /* Default.png */; };
		0314B1981990E1B600C0ADDE /* Default@2x.png in Resources */ = {isa = PBXBuildFile; fileRef = 0314B1971990E1B600C0ADDE /* Default@2x.png */; };
		0314B19A1990E1B600C0ADDE /* Default-568h@2x.png in Resources */ = {isa = PBXBuildFile; fileRef = 0314B1991990E1B600C0ADDE /* Default-568h@2x.png */; };
		0314B1A21990E1FF00C0ADDE /* VCLCViewController.m in Sources */ = {isa = PBXBuildFile; fileRef = 0314B1A11990E1FF00C0ADDE /* VCLCViewController.m */; };
		0338EB8D1990E6640053E933 /* QuartzCore.framework in Frameworks */ = {isa = PBXBuildFile; fileRef = 0338EB8C1990E6640053E933 /* QuartzCore.framework */; };
		0338EB901990E6A50053E933 /* VCLCView.m in Sources */ = {isa = PBXBuildFile; fileRef = 0338EB8F1990E6A50053E933 /* VCLCView.m */; };
/* End PBXBuildFile section */

/* Begin PBXFileReference section */
		0314B1801990E1B600C0ADDE /* ViewControllerLifeCycle2.app */ = {isa = PBXFileReference; explicitFileType = wrapper.application; includeInIndex = 0; path = ViewControllerLifeCycle2.app; sourceTree = BUILT_PRODUCTS_DIR; };
		0314B1831990E1B600C0ADDE /* UIKit.framework */ = {isa = PBXFileReference; lastKnownFileType = wrapper.framework; name = UIKit.framework; path = System/Library/Frameworks/UIKit.framework; sourceTree = SDKROOT; };
		0314B1851990E1B600C0ADDE /* Foundation.framework */ = {isa = PBXFileReference; lastKnownFileType = wrapper.framework; name = Foundation.framework; path = System/Library/Frameworks/Foundation.framework; sourceTree = SDKROOT; };
		0314B1871990E1B600C0ADDE /* CoreGraphics.framework */ = {isa = PBXFileReference; lastKnownFileType = wrapper.framework; name = CoreGraphics.framework; path = System/Library/Frameworks/CoreGraphics.framework; sourceTree = SDKROOT; };
		0314B18B1990E1B600C0ADDE /* ViewControllerLifeCycle2-Info.plist */ = {isa = PBXFileReference; lastKnownFileType = text.plist.xml; path = "ViewControllerLifeCycle2-Info.plist"; sourceTree = "<group>"; };
		0314B18D1990E1B600C0ADDE /* en */ = {isa = PBXFileReference; lastKnownFileType = text.plist.strings; name = en; path = en.lproj/InfoPlist.strings; sourceTree = "<group>"; };
		0314B18F1990E1B600C0ADDE /* main.m */ = {isa = PBXFileReference; lastKnownFileType = sourcecode.c.objc; path = main.m; sourceTree = "<group>"; };
		0314B1911990E1B600C0ADDE /* ViewControllerLifeCycle2-Prefix.pch */ = {isa = PBXFileReference; lastKnownFileType = sourcecode.c.h; path = "ViewControllerLifeCycle2-Prefix.pch"; sourceTree = "<group>"; };
		0314B1921990E1B600C0ADDE /* VCLCAppDelegate.h */ = {isa = PBXFileReference; lastKnownFileType = sourcecode.c.h; path = VCLCAppDelegate.h; sourceTree = "<group>"; };
		0314B1931990E1B600C0ADDE /* VCLCAppDelegate.m */ = {isa = PBXFileReference; lastKnownFileType = sourcecode.c.objc; path = VCLCAppDelegate.m; sourceTree = "<group>"; };
		0314B1951990E1B600C0ADDE /* Default.png */ = {isa = PBXFileReference; lastKnownFileType = image.png; path = Default.png; sourceTree = "<group>"; };
		0314B1971990E1B600C0ADDE /* Default@2x.png */ = {isa = PBXFileReference; lastKnownFileType = image.png; path = "Default@2x.png"; sourceTree = "<group>"; };
		0314B1991990E1B600C0ADDE /* Default-568h@2x.png */ = {isa = PBXFileReference; lastKnownFileType = image.png; path = "Default-568h@2x.png"; sourceTree = "<group>"; };
		0314B1A01990E1FF00C0ADDE /* VCLCViewController.h */ = {isa = PBXFileReference; fileEncoding = 4; lastKnownFileType = sourcecode.c.h; path = VCLCViewController.h; sourceTree = "<group>"; };
		0314B1A11990E1FF00C0ADDE /* VCLCViewController.m */ = {isa = PBXFileReference; fileEncoding = 4; lastKnownFileType = sourcecode.c.objc; path = VCLCViewController.m; sourceTree = "<group>"; };
		0338EB8C1990E6640053E933 /* QuartzCore.framework */ = {isa = PBXFileReference; lastKnownFileType = wrapper.framework; name = QuartzCore.framework; path = System/Library/Frameworks/QuartzCore.framework; sourceTree = SDKROOT; };
		0338EB8E1990E6A50053E933 /* VCLCView.h */ = {isa = PBXFileReference; fileEncoding = 4; lastKnownFileType = sourcecode.c.h; path = VCLCView.h; sourceTree = "<group>"; };
		0338EB8F1990E6A50053E933 /* VCLCView.m */ = {isa = PBXFileReference; fileEncoding = 4; lastKnownFileType = sourcecode.c.objc; path = VCLCView.m; sourceTree = "<group>"; };
/* End PBXFileReference section */

/* Begin PBXFrameworksBuildPhase section */
		0314B17D1990E1B600C0ADDE /* Frameworks */ = {
			isa = PBXFrameworksBuildPhase;
			buildActionMask = 2147483647;
			files = (
				0338EB8D1990E6640053E933 /* QuartzCore.framework in Frameworks */,
				0314B1841990E1B600C0ADDE /* UIKit.framework in Frameworks */,
				0314B1861990E1B600C0ADDE /* Foundation.framework in Frameworks */,
				0314B1881990E1B600C0ADDE /* CoreGraphics.framework in Frameworks */,
			);
			runOnlyForDeploymentPostprocessing = 0;
		};
/* End PBXFrameworksBuildPhase section */

/* Begin PBXGroup section */
		0314B1771990E1B600C0ADDE = {
			isa = PBXGroup;
			children = (
				0314B1891990E1B600C0ADDE /* ViewControllerLifeCycle2 */,
				0314B1821990E1B600C0ADDE /* Frameworks */,
				0314B1811990E1B600C0ADDE /* Products */,
			);
			sourceTree = "<group>";
		};
		0314B1811990E1B600C0ADDE /* Products */ = {
			isa = PBXGroup;
			children = (
				0314B1801990E1B600C0ADDE /* ViewControllerLifeCycle2.app */,
			);
			name = Products;
			sourceTree = "<group>";
		};
		0314B1821990E1B600C0ADDE /* Frameworks */ = {
			isa = PBXGroup;
			children = (
				0338EB8C1990E6640053E933 /* QuartzCore.framework */,
				0314B1831990E1B600C0ADDE /* UIKit.framework */,
				0314B1851990E1B600C0ADDE /* Foundation.framework */,
				0314B1871990E1B600C0ADDE /* CoreGraphics.framework */,
			);
			name = Frameworks;
			sourceTree = "<group>";
		};
		0314B1891990E1B600C0ADDE /* ViewControllerLifeCycle2 */ = {
			isa = PBXGroup;
			children = (
				0314B1A01990E1FF00C0ADDE /* VCLCViewController.h */,
				0314B1A11990E1FF00C0ADDE /* VCLCViewController.m */,
				0314B1921990E1B600C0ADDE /* VCLCAppDelegate.h */,
				0314B1931990E1B600C0ADDE /* VCLCAppDelegate.m */,
				0314B18A1990E1B600C0ADDE /* Supporting Files */,
				0338EB8E1990E6A50053E933 /* VCLCView.h */,
				0338EB8F1990E6A50053E933 /* VCLCView.m */,
			);
			path = ViewControllerLifeCycle2;
			sourceTree = "<group>";
		};
		0314B18A1990E1B600C0ADDE /* Supporting Files */ = {
			isa = PBXGroup;
			children = (
				0314B18B1990E1B600C0ADDE /* ViewControllerLifeCycle2-Info.plist */,
				0314B18C1990E1B600C0ADDE /* InfoPlist.strings */,
				0314B18F1990E1B600C0ADDE /* main.m */,
				0314B1911990E1B600C0ADDE /* ViewControllerLifeCycle2-Prefix.pch */,
				0314B1951990E1B600C0ADDE /* Default.png */,
				0314B1971990E1B600C0ADDE /* Default@2x.png */,
				0314B1991990E1B600C0ADDE /* Default-568h@2x.png */,
			);
			name = "Supporting Files";
			sourceTree = "<group>";
		};
/* End PBXGroup section */

/* Begin PBXNativeTarget section */
		0314B17F1990E1B600C0ADDE /* ViewControllerLifeCycle2 */ = {
			isa = PBXNativeTarget;
			buildConfigurationList = 0314B19D1990E1B600C0ADDE /* Build configuration list for PBXNativeTarget "ViewControllerLifeCycle2" */;
			buildPhases = (
				0314B17C1990E1B600C0ADDE /* Sources */,
				0314B17D1990E1B600C0ADDE /* Frameworks */,
				0314B17E1990E1B600C0ADDE /* Resources */,
			);
			buildRules = (
			);
			dependencies = (
			);
			name = ViewControllerLifeCycle2;
			productName = ViewControllerLifeCycle2;
			productReference = 0314B1801990E1B600C0ADDE /* ViewControllerLifeCycle2.app */;
			productType = "com.apple.product-type.application";
		};
/* End PBXNativeTarget section */

/* Begin PBXProject section */
		0314B1781990E1B600C0ADDE /* Project object */ = {
			isa = PBXProject;
			attributes = {
				CLASSPREFIX = VCLC;
				LastUpgradeCheck = 0460;
				ORGANIZATIONNAME = "TechHue Systems";
			};
			buildConfigurationList = 0314B17B1990E1B600C0ADDE /* Build configuration list for PBXProject "ViewControllerLifeCycle2" */;
			compatibilityVersion = "Xcode 3.2";
			developmentRegion = English;
			hasScannedForEncodings = 0;
			knownRegions = (
				en,
			);
			mainGroup = 0314B1771990E1B600C0ADDE;
			productRefGroup = 0314B1811990E1B600C0ADDE /* Products */;
			projectDirPath = "";
			projectRoot = "";
			targets = (
				0314B17F1990E1B600C0ADDE /* ViewControllerLifeCycle2 */,
			);
		};
/* End PBXProject section */

/* Begin PBXResourcesBuildPhase section */
		0314B17E1990E1B600C0ADDE /* Resources */ = {
			isa = PBXResourcesBuildPhase;
			buildActionMask = 2147483647;
			files = (
				0314B18E1990E1B600C0ADDE /* InfoPlist.strings in Resources */,
				0314B1961990E1B600C0ADDE /* Default.png in Resources */,
				0314B1981990E1B600C0ADDE /* Default@2x.png in Resources */,
				0314B19A1990E1B600C0ADDE /* Default-568h@2x.png in Resources */,
			);
			runOnlyForDeploymentPostprocessing = 0;
		};
/* End PBXResourcesBuildPhase section */

/* Begin PBXSourcesBuildPhase section */
		0314B17C1990E1B600C0ADDE /* Sources */ = {
			isa = PBXSourcesBuildPhase;
			buildActionMask = 2147483647;
			files = (
				0314B1901990E1B600C0ADDE /* main.m in Sources */,
				0314B1941990E1B600C0ADDE /* VCLCAppDelegate.m in Sources */,
				0314B1A21990E1FF00C0ADDE /* VCLCViewController.m in Sources */,
				0338EB901990E6A50053E933 /* VCLCView.m in Sources */,
			);
			runOnlyForDeploymentPostprocessing = 0;
		};
/* End PBXSourcesBuildPhase section */

/* Begin PBXVariantGroup section */
		0314B18C1990E1B600C0ADDE /* InfoPlist.strings */ = {
			isa = PBXVariantGroup;
			children = (
				0314B18D1990E1B600C0ADDE /* en */,
			);
			name = InfoPlist.strings;
			sourceTree = "<group>";
		};
/* End PBXVariantGroup section */

/* Begin XCBuildConfiguration section */
		0314B19B1990E1B600C0ADDE /* Debug */ = {
			isa = XCBuildConfiguration;
			buildSettings = {
				ALWAYS_SEARCH_USER_PATHS = NO;
				CLANG_CXX_LANGUAGE_STANDARD = "gnu++0x";
				CLANG_CXX_LIBRARY = "libc++";
				CLANG_ENABLE_OBJC_ARC = YES;
				CLANG_WARN_CONSTANT_CONVERSION = YES;
				CLANG_WARN_EMPTY_BODY = YES;
				CLANG_WARN_ENUM_CONVERSION = YES;
				CLANG_WARN_INT_CONVERSION = YES;
				CLANG_WARN__DUPLICATE_METHOD_MATCH = YES;
				"CODE_SIGN_IDENTITY[sdk=iphoneos*]" = "iPhone Developer";
				COPY_PHASE_STRIP = NO;
				GCC_C_LANGUAGE_STANDARD = gnu99;
				GCC_DYNAMIC_NO_PIC = NO;
				GCC_OPTIMIZATION_LEVEL = 0;
				GCC_PREPROCESSOR_DEFINITIONS = (
					"DEBUG=1",
					"$(inherited)",
				);
				GCC_SYMBOLS_PRIVATE_EXTERN = NO;
				GCC_WARN_ABOUT_RETURN_TYPE = YES;
				GCC_WARN_UNINITIALIZED_AUTOS = YES;
				GCC_WARN_UNUSED_VARIABLE = YES;
				IPHONEOS_DEPLOYMENT_TARGET = 6.1;
				ONLY_ACTIVE_ARCH = YES;
				SDKROOT = iphoneos;
				TARGETED_DEVICE_FAMILY = "1,2";
			};
			name = Debug;
		};
		0314B19C1990E1B600C0ADDE /* Release */ = {
			isa = XCBuildConfiguration;
			buildSettings = {
				ALWAYS_SEARCH_USER_PATHS = NO;
				CLANG_CXX_LANGUAGE_STANDARD = "gnu++0x";
				CLANG_CXX_LIBRARY = "libc++";
				CLANG_ENABLE_OBJC_ARC = YES;
				CLANG_WARN_CONSTANT_CONVERSION = YES;
				CLANG_WARN_EMPTY_BODY = YES;
				CLANG_WARN_ENUM_CONVERSION = YES;
				CLANG_WARN_INT_CONVERSION = YES;
				CLANG_WARN__DUPLICATE_METHOD_MATCH = YES;
				"CODE_SIGN_IDENTITY[sdk=iphoneos*]" = "iPhone Developer";
				COPY_PHASE_STRIP = YES;
				GCC_C_LANGUAGE_STANDARD = gnu99;
				GCC_WARN_ABOUT_RETURN_TYPE = YES;
				GCC_WARN_UNINITIALIZED_AUTOS = YES;
				GCC_WARN_UNUSED_VARIABLE = YES;
				IPHONEOS_DEPLOYMENT_TARGET = 6.1;
				OTHER_CFLAGS = "-DNS_BLOCK_ASSERTIONS=1";
				SDKROOT = iphoneos;
				TARGETED_DEVICE_FAMILY = "1,2";
				VALIDATE_PRODUCT = YES;
			};
			name = Release;
		};
		0314B19E1990E1B600C0ADDE /* Debug */ = {
			isa = XCBuildConfiguration;
			buildSettings = {
				GCC_PRECOMPILE_PREFIX_HEADER = YES;
				GCC_PREFIX_HEADER = "ViewControllerLifeCycle2/ViewControllerLifeCycle2-Prefix.pch";
				INFOPLIST_FILE = "ViewControllerLifeCycle2/ViewControllerLifeCycle2-Info.plist";
				PRODUCT_NAME = "$(TARGET_NAME)";
				WRAPPER_EXTENSION = app;
			};
			name = Debug;
		};
		0314B19F1990E1B600C0ADDE /* Release */ = {
			isa = XCBuildConfiguration;
			buildSettings = {
				GCC_PRECOMPILE_PREFIX_HEADER = YES;
				GCC_PREFIX_HEADER = "ViewControllerLifeCycle2/ViewControllerLifeCycle2-Prefix.pch";
				INFOPLIST_FILE = "ViewControllerLifeCycle2/ViewControllerLifeCycle2-Info.plist";
				PRODUCT_NAME = "$(TARGET_NAME)";
				WRAPPER_EXTENSION = app;
			};
			name = Release;
		};
/* End XCBuildConfiguration section */

/* Begin XCConfigurationList section */
		0314B17B1990E1B600C0ADDE /* Build configuration list for PBXProject "ViewControllerLifeCycle2" */ = {
			isa = XCConfigurationList;
			buildConfigurations = (
				0314B19B1990E1B600C0ADDE /* Debug */,
				0314B19C1990E1B600C0ADDE /* Release */,
			);
			defaultConfigurationIsVisible = 0;
			defaultConfigurationName = Release;
		};
		0314B19D1990E1B600C0ADDE /* Build configuration list for PBXNativeTarget "ViewControllerLifeCycle2" */ = {
			isa = XCConfigurationList;
			buildConfigurations = (
				0314B19E1990E1B600C0ADDE /* Debug */,
				0314B19F1990E1B600C0ADDE /* Release */,
			);
			defaultConfigurationIsVisible = 0;
			defaultConfigurationName = Release;
		};
/* End XCConfigurationList section */
	};
	rootObject = 0314B1781990E1B600C0ADDE /* Project object */;
}
